// !$*UTF8*$!
{
	archiveVersion = 1;
	classes = {
	};
	objectVersion = 46;
	objects = {

/* Begin PBXBuildFile section */
		C376B46119E82D2F002E29D9 /* main.m in Sources */ = {isa = PBXBuildFile; fileRef = C376B46019E82D2F002E29D9 /* main.m */; };
		C376B46419E82D2F002E29D9 /* AppDelegate.m in Sources */ = {isa = PBXBuildFile; fileRef = C376B46319E82D2F002E29D9 /* AppDelegate.m */; };
		C376B46719E82D2F002E29D9 /* ViewController.m in Sources */ = {isa = PBXBuildFile; fileRef = C376B46619E82D2F002E29D9 /* ViewController.m */; };
		C376B46A19E82D2F002E29D9 /* Main.storyboard in Resources */ = {isa = PBXBuildFile; fileRef = C376B46819E82D2F002E29D9 /* Main.storyboard */; };
		C376B46C19E82D2F002E29D9 /* Images.xcassets in Resources */ = {isa = PBXBuildFile; fileRef = C376B46B19E82D2F002E29D9 /* Images.xcassets */; };
		C376B46F19E82D2F002E29D9 /* LaunchScreen.xib in Resources */ = {isa = PBXBuildFile; fileRef = C376B46D19E82D2F002E29D9 /* LaunchScreen.xib */; };
		C376B47B19E82D2F002E29D9 /* CodeChallenge2Tests.m in Sources */ = {isa = PBXBuildFile; fileRef = C376B47A19E82D2F002E29D9 /* CodeChallenge2Tests.m */; };
		C376B48619E82D5D002E29D9 /* City.m in Sources */ = {isa = PBXBuildFile; fileRef = C376B48519E82D5D002E29D9 /* City.m */; };
/* End PBXBuildFile section */

/* Begin PBXContainerItemProxy section */
		C376B47519E82D2F002E29D9 /* PBXContainerItemProxy */ = {
			isa = PBXContainerItemProxy;
			containerPortal = C376B45319E82D2F002E29D9 /* Project object */;
			proxyType = 1;
			remoteGlobalIDString = C376B45A19E82D2F002E29D9;
			remoteInfo = CodeChallenge2;
		};
/* End PBXContainerItemProxy section */

/* Begin PBXFileReference section */
		C376B45B19E82D2F002E29D9 /* CodeChallenge2.app */ = {isa = PBXFileReference; explicitFileType = wrapper.application; includeInIndex = 0; path = CodeChallenge2.app; sourceTree = BUILT_PRODUCTS_DIR; };
		C376B45F19E82D2F002E29D9 /* Info.plist */ = {isa = PBXFileReference; lastKnownFileType = text.plist.xml; path = Info.plist; sourceTree = "<group>"; };
		C376B46019E82D2F002E29D9 /* main.m */ = {isa = PBXFileReference; lastKnownFileType = sourcecode.c.objc; path = main.m; sourceTree = "<group>"; };
		C376B46219E82D2F002E29D9 /* AppDelegate.h */ = {isa = PBXFileReference; lastKnownFileType = sourcecode.c.h; path = AppDelegate.h; sourceTree = "<group>"; };
		C376B46319E82D2F002E29D9 /* AppDelegate.m */ = {isa = PBXFileReference; lastKnownFileType = sourcecode.c.objc; path = AppDelegate.m; sourceTree = "<group>"; };
		C376B46519E82D2F002E29D9 /* ViewController.h */ = {isa = PBXFileReference; lastKnownFileType = sourcecode.c.h; path = ViewController.h; sourceTree = "<group>"; };
		C376B46619E82D2F002E29D9 /* ViewController.m */ = {isa = PBXFileReference; lastKnownFileType = sourcecode.c.objc; path = ViewController.m; sourceTree = "<group>"; };
		C376B46919E82D2F002E29D9 /* Base */ = {isa = PBXFileReference; lastKnownFileType = file.storyboard; name = Base; path = Base.lproj/Main.storyboard; sourceTree = "<group>"; };
		C376B46B19E82D2F002E29D9 /* Images.xcassets */ = {isa = PBXFileReference; lastKnownFileType = folder.assetcatalog; path = Images.xcassets; sourceTree = "<group>"; };
		C376B46E19E82D2F002E29D9 /* Base */ = {isa = PBXFileReference; lastKnownFileType = file.xib; name = Base; path = Base.lproj/LaunchScreen.xib; sourceTree = "<group>"; };
		C376B47419E82D2F002E29D9 /* CodeChallenge2Tests.xctest */ = {isa = PBXFileReference; explicitFileType = wrapper.cfbundle; includeInIndex = 0; path = CodeChallenge2Tests.xctest; sourceTree = BUILT_PRODUCTS_DIR; };
		C376B47919E82D2F002E29D9 /* Info.plist */ = {isa = PBXFileReference; lastKnownFileType = text.plist.xml; path = Info.plist; sourceTree = "<group>"; };
		C376B47A19E82D2F002E29D9 /* CodeChallenge2Tests.m */ = {isa = PBXFileReference; lastKnownFileType = sourcecode.c.objc; path = CodeChallenge2Tests.m; sourceTree = "<group>"; };
		C376B48419E82D5D002E29D9 /* City.h */ = {isa = PBXFileReference; fileEncoding = 4; lastKnownFileType = sourcecode.c.h; path = City.h; sourceTree = "<group>"; };
		C376B48519E82D5D002E29D9 /* City.m */ = {isa = PBXFileReference; fileEncoding = 4; lastKnownFileType = sourcecode.c.objc; path = City.m; sourceTree = "<group>"; };
/* End PBXFileReference section */

/* Begin PBXFrameworksBuildPhase section */
		C376B45819E82D2F002E29D9 /* Frameworks */ = {
			isa = PBXFrameworksBuildPhase;
			buildActionMask = 2147483647;
			files = (
			);
			runOnlyForDeploymentPostprocessing = 0;
		};
		C376B47119E82D2F002E29D9 /* Frameworks */ = {
			isa = PBXFrameworksBuildPhase;
			buildActionMask = 2147483647;
			files = (
			);
			runOnlyForDeploymentPostprocessing = 0;
		};
/* End PBXFrameworksBuildPhase section */

/* Begin PBXGroup section */
		C376B45219E82D2F002E29D9 = {
			isa = PBXGroup;
			children = (
				C376B45D19E82D2F002E29D9 /* CodeChallenge2 */,
				C376B47719E82D2F002E29D9 /* CodeChallenge2Tests */,
				C376B45C19E82D2F002E29D9 /* Products */,
			);
			sourceTree = "<group>";
		};
		C376B45C19E82D2F002E29D9 /* Products */ = {
			isa = PBXGroup;
			children = (
				C376B45B19E82D2F002E29D9 /* CodeChallenge2.app */,
				C376B47419E82D2F002E29D9 /* CodeChallenge2Tests.xctest */,
			);
			name = Products;
			sourceTree = "<group>";
		};
		C376B45D19E82D2F002E29D9 /* CodeChallenge2 */ = {
			isa = PBXGroup;
			children = (
				C376B46219E82D2F002E29D9 /* AppDelegate.h */,
				C376B46319E82D2F002E29D9 /* AppDelegate.m */,
				C376B46519E82D2F002E29D9 /* ViewController.h */,
				C376B46619E82D2F002E29D9 /* ViewController.m */,
				C376B46819E82D2F002E29D9 /* Main.storyboard */,
				C376B46B19E82D2F002E29D9 /* Images.xcassets */,
				C376B46D19E82D2F002E29D9 /* LaunchScreen.xib */,
				C376B45E19E82D2F002E29D9 /* Supporting Files */,
				C376B48419E82D5D002E29D9 /* City.h */,
				C376B48519E82D5D002E29D9 /* City.m */,
			);
			path = CodeChallenge2;
			sourceTree = "<group>";
		};
		C376B45E19E82D2F002E29D9 /* Supporting Files */ = {
			isa = PBXGroup;
			children = (
				C376B45F19E82D2F002E29D9 /* Info.plist */,
				C376B46019E82D2F002E29D9 /* main.m */,
			);
			name = "Supporting Files";
			sourceTree = "<group>";
		};
		C376B47719E82D2F002E29D9 /* CodeChallenge2Tests */ = {
			isa = PBXGroup;
			children = (
				C376B47A19E82D2F002E29D9 /* CodeChallenge2Tests.m */,
				C376B47819E82D2F002E29D9 /* Supporting Files */,
			);
			path = CodeChallenge2Tests;
			sourceTree = "<group>";
		};
		C376B47819E82D2F002E29D9 /* Supporting Files */ = {
			isa = PBXGroup;
			children = (
				C376B47919E82D2F002E29D9 /* Info.plist */,
			);
			name = "Supporting Files";
			sourceTree = "<group>";
		};
/* End PBXGroup section */

/* Begin PBXNativeTarget section */
		C376B45A19E82D2F002E29D9 /* CodeChallenge2 */ = {
			isa = PBXNativeTarget;
			buildConfigurationList = C376B47E19E82D2F002E29D9 /* Build configuration list for PBXNativeTarget "CodeChallenge2" */;
			buildPhases = (
				C376B45719E82D2F002E29D9 /* Sources */,
				C376B45819E82D2F002E29D9 /* Frameworks */,
				C376B45919E82D2F002E29D9 /* Resources */,
			);
			buildRules = (
			);
			dependencies = (
			);
			name = CodeChallenge2;
			productName = CodeChallenge2;
			productReference = C376B45B19E82D2F002E29D9 /* CodeChallenge2.app */;
			productType = "com.apple.product-type.application";
		};
		C376B47319E82D2F002E29D9 /* CodeChallenge2Tests */ = {
			isa = PBXNativeTarget;
			buildConfigurationList = C376B48119E82D2F002E29D9 /* Build configuration list for PBXNativeTarget "CodeChallenge2Tests" */;
			buildPhases = (
				C376B47019E82D2F002E29D9 /* Sources */,
				C376B47119E82D2F002E29D9 /* Frameworks */,
				C376B47219E82D2F002E29D9 /* Resources */,
			);
			buildRules = (
			);
			dependencies = (
				C376B47619E82D2F002E29D9 /* PBXTargetDependency */,
			);
			name = CodeChallenge2Tests;
			productName = CodeChallenge2Tests;
			productReference = C376B47419E82D2F002E29D9 /* CodeChallenge2Tests.xctest */;
			productType = "com.apple.product-type.bundle.unit-test";
		};
/* End PBXNativeTarget section */

/* Begin PBXProject section */
		C376B45319E82D2F002E29D9 /* Project object */ = {
			isa = PBXProject;
			attributes = {
				LastUpgradeCheck = 0600;
				ORGANIZATIONNAME = asda;
				TargetAttributes = {
					C376B45A19E82D2F002E29D9 = {
						CreatedOnToolsVersion = 6.0.1;
					};
					C376B47319E82D2F002E29D9 = {
						CreatedOnToolsVersion = 6.0.1;
						TestTargetID = C376B45A19E82D2F002E29D9;
					};
				};
			};
			buildConfigurationList = C376B45619E82D2F002E29D9 /* Build configuration list for PBXProject "CodeChallenge2" */;
			compatibilityVersion = "Xcode 3.2";
			developmentRegion = English;
			hasScannedForEncodings = 0;
			knownRegions = (
				en,
				Base,
			);
			mainGroup = C376B45219E82D2F002E29D9;
			productRefGroup = C376B45C19E82D2F002E29D9 /* Products */;
			projectDirPath = "";
			projectRoot = "";
			targets = (
				C376B45A19E82D2F002E29D9 /* CodeChallenge2 */,
				C376B47319E82D2F002E29D9 /* CodeChallenge2Tests */,
			);
		};
/* End PBXProject section */

/* Begin PBXResourcesBuildPhase section */
		C376B45919E82D2F002E29D9 /* Resources */ = {
			isa = PBXResourcesBuildPhase;
			buildActionMask = 2147483647;
			files = (
				C376B46A19E82D2F002E29D9 /* Main.storyboard in Resources */,
				C376B46F19E82D2F002E29D9 /* LaunchScreen.xib in Resources */,
				C376B46C19E82D2F002E29D9 /* Images.xcassets in Resources */,
			);
			runOnlyForDeploymentPostprocessing = 0;
		};
		C376B47219E82D2F002E29D9 /* Resources */ = {
			isa = PBXResourcesBuildPhase;
			buildActionMask = 2147483647;
			files = (
			);
			runOnlyForDeploymentPostprocessing = 0;
		};
/* End PBXResourcesBuildPhase section */

/* Begin PBXSourcesBuildPhase section */
		C376B45719E82D2F002E29D9 /* Sources */ = {
			isa = PBXSourcesBuildPhase;
			buildActionMask = 2147483647;
			files = (
				C376B46719E82D2F002E29D9 /* ViewController.m in Sources */,
				C376B46419E82D2F002E29D9 /* AppDelegate.m in Sources */,
				C376B48619E82D5D002E29D9 /* City.m in Sources */,
				C376B46119E82D2F002E29D9 /* main.m in Sources */,
			);
			runOnlyForDeploymentPostprocessing = 0;
		};
		C376B47019E82D2F002E29D9 /* Sources */ = {
			isa = PBXSourcesBuildPhase;
			buildActionMask = 2147483647;
			files = (
				C376B47B19E82D2F002E29D9 /* CodeChallenge2Tests.m in Sources */,
			);
			runOnlyForDeploymentPostprocessing = 0;
		};
/* End PBXSourcesBuildPhase section */

/* Begin PBXTargetDependency section */
		C376B47619E82D2F002E29D9 /* PBXTargetDependency */ = {
			isa = PBXTargetDependency;
			target = C376B45A19E82D2F002E29D9 /* CodeChallenge2 */;
			targetProxy = C376B47519E82D2F002E29D9 /* PBXContainerItemProxy */;
		};
/* End PBXTargetDependency section */

/* Begin PBXVariantGroup section */
		C376B46819E82D2F002E29D9 /* Main.storyboard */ = {
			isa = PBXVariantGroup;
			children = (
				C376B46919E82D2F002E29D9 /* Base */,
			);
			name = Main.storyboard;
			sourceTree = "<group>";
		};
		C376B46D19E82D2F002E29D9 /* LaunchScreen.xib */ = {
			isa = PBXVariantGroup;
			children = (
				C376B46E19E82D2F002E29D9 /* Base */,
			);
			name = LaunchScreen.xib;
			sourceTree = "<group>";
		};
/* End PBXVariantGroup section */

/* Begin XCBuildConfiguration section */
		C376B47C19E82D2F002E29D9 /* Debug */ = {
			isa = XCBuildConfiguration;
			buildSettings = {
				ALWAYS_SEARCH_USER_PATHS = NO;
				CLANG_CXX_LANGUAGE_STANDARD = "gnu++0x";
				CLANG_CXX_LIBRARY = "libc++";
				CLANG_ENABLE_MODULES = YES;
				CLANG_ENABLE_OBJC_ARC = YES;
				CLANG_WARN_BOOL_CONVERSION = YES;
				CLANG_WARN_CONSTANT_CONVERSION = YES;
				CLANG_WARN_DIRECT_OBJC_ISA_USAGE = YES_ERROR;
				CLANG_WARN_EMPTY_BODY = YES;
				CLANG_WARN_ENUM_CONVERSION = YES;
				CLANG_WARN_INT_CONVERSION = YES;
				CLANG_WARN_OBJC_ROOT_CLASS = YES_ERROR;
				CLANG_WARN_UNREACHABLE_CODE = YES;
				CLANG_WARN__DUPLICATE_METHOD_MATCH = YES;
				"CODE_SIGN_IDENTITY[sdk=iphoneos*]" = "iPhone Developer";
				COPY_PHASE_STRIP = NO;
				ENABLE_STRICT_OBJC_MSGSEND = YES;
				GCC_C_LANGUAGE_STANDARD = gnu99;
				GCC_DYNAMIC_NO_PIC = NO;
				GCC_OPTIMIZATION_LEVEL = 0;
				GCC_PREPROCESSOR_DEFINITIONS = (
					"DEBUG=1",
					"$(inherited)",
				);
				GCC_SYMBOLS_PRIVATE_EXTERN = NO;
				GCC_WARN_64_TO_32_BIT_CONVERSION = YES;
				GCC_WARN_ABOUT_RETURN_TYPE = YES_ERROR;
				GCC_WARN_UNDECLARED_SELECTOR = YES;
				GCC_WARN_UNINITIALIZED_AUTOS = YES_AGGRESSIVE;
				GCC_WARN_UNUSED_FUNCTION = YES;
				GCC_WARN_UNUSED_VARIABLE = YES;
				IPHONEOS_DEPLOYMENT_TARGET = 8.0;
				MTL_ENABLE_DEBUG_INFO = YES;
				ONLY_ACTIVE_ARCH = YES;
				SDKROOT = iphoneos;
			};
			name = Debug;
		};
		C376B47D19E82D2F002E29D9 /* Release */ = {
			isa = XCBuildConfiguration;
			buildSettings = {
				ALWAYS_SEARCH_USER_PATHS = NO;
				CLANG_CXX_LANGUAGE_STANDARD = "gnu++0x";
				CLANG_CXX_LIBRARY = "libc++";
				CLANG_ENABLE_MODULES = YES;
				CLANG_ENABLE_OBJC_ARC = YES;
				CLANG_WARN_BOOL_CONVERSION = YES;
				CLANG_WARN_CONSTANT_CONVERSION = YES;
				CLANG_WARN_DIRECT_OBJC_ISA_USAGE = YES_ERROR;
				CLANG_WARN_EMPTY_BODY = YES;
				CLANG_WARN_ENUM_CONVERSION = YES;
				CLANG_WARN_INT_CONVERSION = YES;
				CLANG_WARN_OBJC_ROOT_CLASS = YES_ERROR;
				CLANG_WARN_UNREACHABLE_CODE = YES;
				CLANG_WARN__DUPLICATE_METHOD_MATCH = YES;
				"CODE_SIGN_IDENTITY[sdk=iphoneos*]" = "iPhone Developer";
				COPY_PHASE_STRIP = YES;
				ENABLE_NS_ASSERTIONS = NO;
				ENABLE_STRICT_OBJC_MSGSEND = YES;
				GCC_C_LANGUAGE_STANDARD = gnu99;
				GCC_WARN_64_TO_32_BIT_CONVERSION = YES;
				GCC_WARN_ABOUT_RETURN_TYPE = YES_ERROR;
				GCC_WARN_UNDECLARED_SELECTOR = YES;
				GCC_WARN_UNINITIALIZED_AUTOS = YES_AGGRESSIVE;
				GCC_WARN_UNUSED_FUNCTION = YES;
				GCC_WARN_UNUSED_VARIABLE = YES;
				IPHONEOS_DEPLOYMENT_TARGET = 8.0;
				MTL_ENABLE_DEBUG_INFO = NO;
				SDKROOT = iphoneos;
				VALIDATE_PRODUCT = YES;
			};
			name = Release;
		};
		C376B47F19E82D2F002E29D9 /* Debug */ = {
			isa = XCBuildConfiguration;
			buildSettings = {
				ASSETCATALOG_COMPILER_APPICON_NAME = AppIcon;
				INFOPLIST_FILE = CodeChallenge2/Info.plist;
				LD_RUNPATH_SEARCH_PATHS = "$(inherited) @executable_path/Frameworks";
				PRODUCT_NAME = "$(TARGET_NAME)";
			};
			name = Debug;
		};
		C376B48019E82D2F002E29D9 /* Release */ = {
			isa = XCBuildConfiguration;
			buildSettings = {
				ASSETCATALOG_COMPILER_APPICON_NAME = AppIcon;
				INFOPLIST_FILE = CodeChallenge2/Info.plist;
				LD_RUNPATH_SEARCH_PATHS = "$(inherited) @executable_path/Frameworks";
				PRODUCT_NAME = "$(TARGET_NAME)";
			};
			name = Release;
		};
		C376B48219E82D2F002E29D9 /* Debug */ = {
			isa = XCBuildConfiguration;
			buildSettings = {
				BUNDLE_LOADER = "$(TEST_HOST)";
				FRAMEWORK_SEARCH_PATHS = (
					"$(SDKROOT)/Developer/Library/Frameworks",
					"$(inherited)",
				);
				GCC_PREPROCESSOR_DEFINITIONS = (
					"DEBUG=1",
					"$(inherited)",
				);
				INFOPLIST_FILE = CodeChallenge2Tests/Info.plist;
				LD_RUNPATH_SEARCH_PATHS = "$(inherited) @executable_path/Frameworks @loader_path/Frameworks";
				PRODUCT_NAME = "$(TARGET_NAME)";
				TEST_HOST = "$(BUILT_PRODUCTS_DIR)/CodeChallenge2.app/CodeChallenge2";
			};
			name = Debug;
		};
		C376B48319E82D2F002E29D9 /* Release */ = {
			isa = XCBuildConfiguration;
			buildSettings = {
				BUNDLE_LOADER = "$(TEST_HOST)";
				FRAMEWORK_SEARCH_PATHS = (
					"$(SDKROOT)/Developer/Library/Frameworks",
					"$(inherited)",
				);
				INFOPLIST_FILE = CodeChallenge2Tests/Info.plist;
				LD_RUNPATH_SEARCH_PATHS = "$(inherited) @executable_path/Frameworks @loader_path/Frameworks";
				PRODUCT_NAME = "$(TARGET_NAME)";
				TEST_HOST = "$(BUILT_PRODUCTS_DIR)/CodeChallenge2.app/CodeChallenge2";
			};
			name = Release;
		};
/* End XCBuildConfiguration section */

/* Begin XCConfigurationList section */
		C376B45619E82D2F002E29D9 /* Build configuration list for PBXProject "CodeChallenge2" */ = {
			isa = XCConfigurationList;
			buildConfigurations = (
				C376B47C19E82D2F002E29D9 /* Debug */,
				C376B47D19E82D2F002E29D9 /* Release */,
			);
			defaultConfigurationIsVisible = 0;
			defaultConfigurationName = Release;
		};
		C376B47E19E82D2F002E29D9 /* Build configuration list for PBXNativeTarget "CodeChallenge2" */ = {
			isa = XCConfigurationList;
			buildConfigurations = (
				C376B47F19E82D2F002E29D9 /* Debug */,
				C376B48019E82D2F002E29D9 /* Release */,
			);
			defaultConfigurationIsVisible = 0;
		};
		C376B48119E82D2F002E29D9 /* Build configuration list for PBXNativeTarget "CodeChallenge2Tests" */ = {
			isa = XCConfigurationList;
			buildConfigurations = (
				C376B48219E82D2F002E29D9 /* Debug */,
				C376B48319E82D2F002E29D9 /* Release */,
			);
			defaultConfigurationIsVisible = 0;
		};
/* End XCConfigurationList section */
	};
	rootObject = C376B45319E82D2F002E29D9 /* Project object */;
}
